{
  "name": "CGSA-Mini-Program",
  "lockfileVersion": 2,
  "requires": true,
  "packages": {
    "": {
      "dependencies": {
        "@vant/weapp": "^1.10.19",
        "vant-weapp": "^0.5.29"
      },
      "devDependencies": {
        "wx-apis": "^1.0.1"
      }
    },
    "node_modules/@vant/weapp": {
      "version": "1.10.19",
      "resolved": "https://registry.npmjs.org/@vant/weapp/-/weapp-1.10.19.tgz",
      "integrity": "sha512-RStOPlSELi9lqim9dGagguViUVMNnfZaEceZ248JZgPjn5TzL2nwwHGWl9VI69SBPC+5MPS+LXm7Z4jcdscFeg=="
    },
    "node_modules/vant-weapp": {
      "version": "0.5.29",
      "resolved": "https://registry.npmjs.org/vant-weapp/-/vant-weapp-0.5.29.tgz",
      "integrity": "sha512-RMc0Ga914XFwspw2WuOMU8bOHlIkua8X1DoQ/KPnGQzjwT1uEL4S7W186EmaHF1wN2krB9BVd0LdRRt39dGh6Q=="
    },
    "node_modules/wx-apis": {
      "version": "1.0.1",
      "resolved": "https://registry.npmjs.org/wx-apis/-/wx-apis-1.0.1.tgz",
      "integrity": "sha512-yiexMUE6X2dxsuGKnpOICZg+Dni28nbqahuyJa0RdmwgYZ+95eP5q4GKOVdZkCGZS4/iZChlh/39FKOs7rR6uA==",
      "dev": true
    }
  },
  "dependencies": {
    "@vant/weapp": {
      "version": "1.10.19",
      "resolved": "https://registry.npmjs.org/@vant/weapp/-/weapp-1.10.19.tgz",
      "integrity": "sha512-RStOPlSELi9lqim9dGagguViUVMNnfZaEceZ248JZgPjn5TzL2nwwHGWl9VI69SBPC+5MPS+LXm7Z4jcdscFeg=="
    },
    "vant-weapp": {
      "version": "0.5.29",
      "resolved": "https://registry.npmjs.org/vant-weapp/-/vant-weapp-0.5.29.tgz",
      "integrity": "sha512-RMc0Ga914XFwspw2WuOMU8bOHlIkua8X1DoQ/KPnGQzjwT1uEL4S7W186EmaHF1wN2krB9BVd0LdRRt39dGh6Q=="
    },
    "wx-apis": {
      "version": "1.0.1",
      "resolved": "https://registry.npmjs.org/wx-apis/-/wx-apis-1.0.1.tgz",
      "integrity": "sha512-yiexMUE6X2dxsuGKnpOICZg+Dni28nbqahuyJa0RdmwgYZ+95eP5q4GKOVdZkCGZS4/iZChlh/39FKOs7rR6uA==",
      "dev": true
    }
  }
}
