{
  "name": "CGSA-Mini-Program",
  "lockfileVersion": 2,
  "requires": true,
  "packages": {
    "": {
      "dependencies": {
        "@vant/weapp": "^1.10.19",
        "wx-apis": "^1.0.1"
      }
    },
    "node_modules/wx-apis": {
      "version": "1.0.1",
      "resolved": "https://registry.npmjs.org/wx-apis/-/wx-apis-1.0.1.tgz",
      "integrity": "sha512-yiexMUE6X2dxsuGKnpOICZg+Dni28nbqahuyJa0RdmwgYZ+95eP5q4GKOVdZkCGZS4/iZChlh/39FKOs7rR6uA==",
      "dev": true
    },
    "node_modules/@vant/weapp": {
      "version": "1.10.19",
      "resolved": "https://registry.npmjs.org/@vant/weapp/-/weapp-1.10.19.tgz",
      "integrity": "sha512-RStOPlSELi9lqim9dGagguViUVMNnfZaEceZ248JZgPjn5TzL2nwwHGWl9VI69SBPC+5MPS+LXm7Z4jcdscFeg=="
    }
  },
  "dependencies": {
    "@vant/weapp": {
      "version": "1.10.19",
      "resolved": "https://registry.npmjs.org/@vant/weapp/-/weapp-1.10.19.tgz",
      "integrity": "sha512-RStOPlSELi9lqim9dGagguViUVMNnfZaEceZ248JZgPjn5TzL2nwwHGWl9VI69SBPC+5MPS+LXm7Z4jcdscFeg=="
    },
    "wx-apis": {
      "version": "1.0.1",
      "resolved": "https://registry.npmjs.org/wx-apis/-/wx-apis-1.0.1.tgz",
      "integrity": "sha512-yiexMUE6X2dxsuGKnpOICZg+Dni28nbqahuyJa0RdmwgYZ+95eP5q4GKOVdZkCGZS4/iZChlh/39FKOs7rR6uA==",
      "dev": true
    }
  }
}
